
Microsoft Visual Studio Solution File, Format Version 12.00
# Visual Studio Version 17
VisualStudioVersion = 17.0.32126.317
MinimumVisualStudioVersion = 10.0.40219.1
Project("{FAE04EC0-301F-11D3-BF4B-00C04F79EFBC}") = "MorzeAzbyka", "MorzeAzbyka\MorzeAzbyka.csproj", "{1E98EB29-41F9-48C3-9957-3DAA9629EF0F}"
EndProject
Global
	GlobalSection(SolutionConfigurationPlatforms) = preSolution
		Debug|Any CPU = Debug|Any CPU
		Release|Any CPU = Release|Any CPU
	EndGlobalSection
	GlobalSection(ProjectConfigurationPlatforms) = postSolution
		{1E98EB29-41F9-48C3-9957-3DAA9629EF0F}.Debug|Any CPU.ActiveCfg = Debug|Any CPU
		{1E98EB29-41F9-48C3-9957-3DAA9629EF0F}.Debug|Any CPU.Build.0 = Debug|Any CPU
		{1E98EB29-41F9-48C3-9957-3DAA9629EF0F}.Release|Any CPU.ActiveCfg = Release|Any CPU
		{1E98EB29-41F9-48C3-9957-3DAA9629EF0F}.Release|Any CPU.Build.0 = Release|Any CPU
	EndGlobalSection
	GlobalSection(SolutionProperties) = preSolution
		HideSolutionNode = FALSE
	EndGlobalSection
	GlobalSection(ExtensibilityGlobals) = postSolution
		SolutionGuid = {377B6133-A52A-4A7A-B12A-8B8337F7B67D}
	EndGlobalSection
EndGlobal
